// !$*UTF8*$!
{
	archiveVersion = 1;
	classes = {
	};
	objectVersion = 50;
	objects = {

/* Begin PBXBuildFile section */
		EC306CF523AFB34B00FDE4EB /* Array.m in Sources */ = {isa = PBXBuildFile; fileRef = EC306CF423AFB34B00FDE4EB /* Array.m */; };
		EC306CF723AFCBFD00FDE4EB /* main.m in Sources */ = {isa = PBXBuildFile; fileRef = EC306CF623AFCBFD00FDE4EB /* main.m */; };
		ECD06F1023B899AA0031D9ED /* TreeNode.m in Sources */ = {isa = PBXBuildFile; fileRef = ECD06F0F23B899AA0031D9ED /* TreeNode.m */; };
		ECD06F1223B89ADC0031D9ED /* main.m in Sources */ = {isa = PBXBuildFile; fileRef = ECD06F1123B89ADC0031D9ED /* main.m */; };
		ECD06F1523B89B150031D9ED /* BST.m in Sources */ = {isa = PBXBuildFile; fileRef = ECD06F1423B89B150031D9ED /* BST.m */; };
		ECF1171723B10D2100A67597 /* ArrayStack.m in Sources */ = {isa = PBXBuildFile; fileRef = ECF1170F23B10D2000A67597 /* ArrayStack.m */; };
		ECF1171823B10D2100A67597 /* LoopQueue.m in Sources */ = {isa = PBXBuildFile; fileRef = ECF1171323B10D2100A67597 /* LoopQueue.m */; };
		ECF1171923B10D2100A67597 /* main.m in Sources */ = {isa = PBXBuildFile; fileRef = ECF1171423B10D2100A67597 /* main.m */; };
		ECF1171A23B10D2100A67597 /* ArrayQueue.m in Sources */ = {isa = PBXBuildFile; fileRef = ECF1171623B10D2100A67597 /* ArrayQueue.m */; };
		ECF1174923B4C67100A67597 /* LinkedList.m in Sources */ = {isa = PBXBuildFile; fileRef = ECF1174823B4C67100A67597 /* LinkedList.m */; };
		ECF1174B23B4F0DA00A67597 /* main.m in Sources */ = {isa = PBXBuildFile; fileRef = ECF1174A23B4F0DA00A67597 /* main.m */; };
		ECF1174E23B4F5D300A67597 /* LinkedListStack.m in Sources */ = {isa = PBXBuildFile; fileRef = ECF1174D23B4F5D300A67597 /* LinkedListStack.m */; };
		ECF1175123B4F92000A67597 /* LinkedListQueue.m in Sources */ = {isa = PBXBuildFile; fileRef = ECF1175023B4F92000A67597 /* LinkedListQueue.m */; };
		ECF1175623B5B67B00A67597 /* Node.m in Sources */ = {isa = PBXBuildFile; fileRef = ECF1175523B5B67B00A67597 /* Node.m */; };
		ECF1175C23B636CD00A67597 /* LinkedListR.m in Sources */ = {isa = PBXBuildFile; fileRef = ECF1175B23B636CD00A67597 /* LinkedListR.m */; };
		ECF1175E23B644D300A67597 /* main.m in Sources */ = {isa = PBXBuildFile; fileRef = ECF1175D23B644D300A67597 /* main.m */; };
/* End PBXBuildFile section */

/* Begin PBXCopyFilesBuildPhase section */
		EC306CE623AFB24D00FDE4EB /* CopyFiles */ = {
			isa = PBXCopyFilesBuildPhase;
			buildActionMask = 2147483647;
			dstPath = /usr/share/man/man1/;
			dstSubfolderSpec = 0;
			files = (
			);
			runOnlyForDeploymentPostprocessing = 1;
		};
/* End PBXCopyFilesBuildPhase section */

/* Begin PBXFileReference section */
		EC306CE823AFB24D00FDE4EB /* Play-with-Data-Structrues-in-OC */ = {isa = PBXFileReference; explicitFileType = "compiled.mach-o.executable"; includeInIndex = 0; path = "Play-with-Data-Structrues-in-OC"; sourceTree = BUILT_PRODUCTS_DIR; };
		EC306CF323AFB34B00FDE4EB /* Array.h */ = {isa = PBXFileReference; lastKnownFileType = sourcecode.c.h; path = Array.h; sourceTree = "<group>"; };
		EC306CF423AFB34B00FDE4EB /* Array.m */ = {isa = PBXFileReference; lastKnownFileType = sourcecode.c.objc; path = Array.m; sourceTree = "<group>"; };
		EC306CF623AFCBFD00FDE4EB /* main.m */ = {isa = PBXFileReference; lastKnownFileType = sourcecode.c.objc; path = main.m; sourceTree = "<group>"; };
		ECD06F0E23B899AA0031D9ED /* TreeNode.h */ = {isa = PBXFileReference; lastKnownFileType = sourcecode.c.h; path = TreeNode.h; sourceTree = "<group>"; };
		ECD06F0F23B899AA0031D9ED /* TreeNode.m */ = {isa = PBXFileReference; lastKnownFileType = sourcecode.c.objc; path = TreeNode.m; sourceTree = "<group>"; };
		ECD06F1123B89ADC0031D9ED /* main.m */ = {isa = PBXFileReference; lastKnownFileType = sourcecode.c.objc; path = main.m; sourceTree = "<group>"; };
		ECD06F1323B89B150031D9ED /* BST.h */ = {isa = PBXFileReference; lastKnownFileType = sourcecode.c.h; path = BST.h; sourceTree = "<group>"; };
		ECD06F1423B89B150031D9ED /* BST.m */ = {isa = PBXFileReference; lastKnownFileType = sourcecode.c.objc; path = BST.m; sourceTree = "<group>"; };
		ECF1170E23B10D2000A67597 /* ArrayQueue.h */ = {isa = PBXFileReference; fileEncoding = 4; lastKnownFileType = sourcecode.c.h; path = ArrayQueue.h; sourceTree = "<group>"; };
		ECF1170F23B10D2000A67597 /* ArrayStack.m */ = {isa = PBXFileReference; fileEncoding = 4; lastKnownFileType = sourcecode.c.objc; path = ArrayStack.m; sourceTree = "<group>"; };
		ECF1171023B10D2000A67597 /* ArrayStack.h */ = {isa = PBXFileReference; fileEncoding = 4; lastKnownFileType = sourcecode.c.h; path = ArrayStack.h; sourceTree = "<group>"; };
		ECF1171123B10D2100A67597 /* LoopQueue.h */ = {isa = PBXFileReference; fileEncoding = 4; lastKnownFileType = sourcecode.c.h; path = LoopQueue.h; sourceTree = "<group>"; };
		ECF1171223B10D2100A67597 /* Queue.h */ = {isa = PBXFileReference; fileEncoding = 4; lastKnownFileType = sourcecode.c.h; path = Queue.h; sourceTree = "<group>"; };
		ECF1171323B10D2100A67597 /* LoopQueue.m */ = {isa = PBXFileReference; fileEncoding = 4; lastKnownFileType = sourcecode.c.objc; path = LoopQueue.m; sourceTree = "<group>"; };
		ECF1171423B10D2100A67597 /* main.m */ = {isa = PBXFileReference; fileEncoding = 4; lastKnownFileType = sourcecode.c.objc; path = main.m; sourceTree = "<group>"; };
		ECF1171523B10D2100A67597 /* Stack.h */ = {isa = PBXFileReference; fileEncoding = 4; lastKnownFileType = sourcecode.c.h; path = Stack.h; sourceTree = "<group>"; };
		ECF1171623B10D2100A67597 /* ArrayQueue.m */ = {isa = PBXFileReference; fileEncoding = 4; lastKnownFileType = sourcecode.c.objc; path = ArrayQueue.m; sourceTree = "<group>"; };
		ECF1174723B4C67100A67597 /* LinkedList.h */ = {isa = PBXFileReference; lastKnownFileType = sourcecode.c.h; path = LinkedList.h; sourceTree = "<group>"; };
		ECF1174823B4C67100A67597 /* LinkedList.m */ = {isa = PBXFileReference; lastKnownFileType = sourcecode.c.objc; path = LinkedList.m; sourceTree = "<group>"; };
		ECF1174A23B4F0DA00A67597 /* main.m */ = {isa = PBXFileReference; lastKnownFileType = sourcecode.c.objc; path = main.m; sourceTree = "<group>"; };
		ECF1174C23B4F5D300A67597 /* LinkedListStack.h */ = {isa = PBXFileReference; lastKnownFileType = sourcecode.c.h; path = LinkedListStack.h; sourceTree = "<group>"; };
		ECF1174D23B4F5D300A67597 /* LinkedListStack.m */ = {isa = PBXFileReference; lastKnownFileType = sourcecode.c.objc; path = LinkedListStack.m; sourceTree = "<group>"; };
		ECF1174F23B4F92000A67597 /* LinkedListQueue.h */ = {isa = PBXFileReference; lastKnownFileType = sourcecode.c.h; path = LinkedListQueue.h; sourceTree = "<group>"; };
		ECF1175023B4F92000A67597 /* LinkedListQueue.m */ = {isa = PBXFileReference; lastKnownFileType = sourcecode.c.objc; path = LinkedListQueue.m; sourceTree = "<group>"; };
		ECF1175423B5B67B00A67597 /* Node.h */ = {isa = PBXFileReference; lastKnownFileType = sourcecode.c.h; path = Node.h; sourceTree = "<group>"; };
		ECF1175523B5B67B00A67597 /* Node.m */ = {isa = PBXFileReference; lastKnownFileType = sourcecode.c.objc; path = Node.m; sourceTree = "<group>"; };
		ECF1175A23B636CD00A67597 /* LinkedListR.h */ = {isa = PBXFileReference; lastKnownFileType = sourcecode.c.h; path = LinkedListR.h; sourceTree = "<group>"; };
		ECF1175B23B636CD00A67597 /* LinkedListR.m */ = {isa = PBXFileReference; lastKnownFileType = sourcecode.c.objc; path = LinkedListR.m; sourceTree = "<group>"; };
		ECF1175D23B644D300A67597 /* main.m */ = {isa = PBXFileReference; lastKnownFileType = sourcecode.c.objc; path = main.m; sourceTree = "<group>"; };
/* End PBXFileReference section */

/* Begin PBXFrameworksBuildPhase section */
		EC306CE523AFB24D00FDE4EB /* Frameworks */ = {
			isa = PBXFrameworksBuildPhase;
			buildActionMask = 2147483647;
			files = (
			);
			runOnlyForDeploymentPostprocessing = 0;
		};
/* End PBXFrameworksBuildPhase section */

/* Begin PBXGroup section */
		EC306CDF23AFB24D00FDE4EB = {
			isa = PBXGroup;
			children = (
				EC306CF223AFB2EA00FDE4EB /* 02-Arrays */,
				ECF1170D23B10CEA00A67597 /* 03-Stacks-and-Queues */,
				ECF1174623B4C5C000A67597 /* 04-Linked-List */,
				ECF1175923B6359C00A67597 /* 05-Recursion */,
				ECD06F0D23B899680031D9ED /* 06-Binary-Search-Tree */,
				EC306CE923AFB24D00FDE4EB /* Products */,
			);
			sourceTree = "<group>";
		};
		EC306CE923AFB24D00FDE4EB /* Products */ = {
			isa = PBXGroup;
			children = (
				EC306CE823AFB24D00FDE4EB /* Play-with-Data-Structrues-in-OC */,
			);
			name = Products;
			sourceTree = "<group>";
		};
		EC306CF223AFB2EA00FDE4EB /* 02-Arrays */ = {
			isa = PBXGroup;
			children = (
				EC306CF323AFB34B00FDE4EB /* Array.h */,
				EC306CF423AFB34B00FDE4EB /* Array.m */,
				EC306CF623AFCBFD00FDE4EB /* main.m */,
			);
			path = "02-Arrays";
			sourceTree = "<group>";
		};
		ECD06F0D23B899680031D9ED /* 06-Binary-Search-Tree */ = {
			isa = PBXGroup;
			children = (
				ECD06F0E23B899AA0031D9ED /* TreeNode.h */,
				ECD06F0F23B899AA0031D9ED /* TreeNode.m */,
				ECD06F1123B89ADC0031D9ED /* main.m */,
				ECD06F1323B89B150031D9ED /* BST.h */,
				ECD06F1423B89B150031D9ED /* BST.m */,
			);
			path = "06-Binary-Search-Tree";
			sourceTree = "<group>";
		};
		ECF1170D23B10CEA00A67597 /* 03-Stacks-and-Queues */ = {
			isa = PBXGroup;
			children = (
				ECF1170E23B10D2000A67597 /* ArrayQueue.h */,
				ECF1171623B10D2100A67597 /* ArrayQueue.m */,
				ECF1171023B10D2000A67597 /* ArrayStack.h */,
				ECF1170F23B10D2000A67597 /* ArrayStack.m */,
				ECF1171123B10D2100A67597 /* LoopQueue.h */,
				ECF1171323B10D2100A67597 /* LoopQueue.m */,
				ECF1171423B10D2100A67597 /* main.m */,
				ECF1171223B10D2100A67597 /* Queue.h */,
				ECF1171523B10D2100A67597 /* Stack.h */,
			);
			path = "03-Stacks-and-Queues";
			sourceTree = "<group>";
		};
		ECF1174623B4C5C000A67597 /* 04-Linked-List */ = {
			isa = PBXGroup;
			children = (
				ECF1174723B4C67100A67597 /* LinkedList.h */,
				ECF1174823B4C67100A67597 /* LinkedList.m */,
				ECF1174A23B4F0DA00A67597 /* main.m */,
				ECF1174C23B4F5D300A67597 /* LinkedListStack.h */,
				ECF1174D23B4F5D300A67597 /* LinkedListStack.m */,
				ECF1174F23B4F92000A67597 /* LinkedListQueue.h */,
				ECF1175023B4F92000A67597 /* LinkedListQueue.m */,
				ECF1175423B5B67B00A67597 /* Node.h */,
				ECF1175523B5B67B00A67597 /* Node.m */,
			);
			path = "04-Linked-List";
			sourceTree = "<group>";
		};
		ECF1175923B6359C00A67597 /* 05-Recursion */ = {
			isa = PBXGroup;
			children = (
				ECF1175A23B636CD00A67597 /* LinkedListR.h */,
				ECF1175B23B636CD00A67597 /* LinkedListR.m */,
				ECF1175D23B644D300A67597 /* main.m */,
			);
			path = "05-Recursion";
			sourceTree = "<group>";
		};
/* End PBXGroup section */

/* Begin PBXNativeTarget section */
		EC306CE723AFB24D00FDE4EB /* Play-with-Data-Structrues-in-OC */ = {
			isa = PBXNativeTarget;
			buildConfigurationList = EC306CEF23AFB24D00FDE4EB /* Build configuration list for PBXNativeTarget "Play-with-Data-Structrues-in-OC" */;
			buildPhases = (
				EC306CE423AFB24D00FDE4EB /* Sources */,
				EC306CE523AFB24D00FDE4EB /* Frameworks */,
				EC306CE623AFB24D00FDE4EB /* CopyFiles */,
			);
			buildRules = (
			);
			dependencies = (
			);
			name = "Play-with-Data-Structrues-in-OC";
			productName = "Play-with-Data-Structrues-in-OC";
			productReference = EC306CE823AFB24D00FDE4EB /* Play-with-Data-Structrues-in-OC */;
			productType = "com.apple.product-type.tool";
		};
/* End PBXNativeTarget section */

/* Begin PBXProject section */
		EC306CE023AFB24D00FDE4EB /* Project object */ = {
			isa = PBXProject;
			attributes = {
				LastUpgradeCheck = 1100;
				ORGANIZATIONNAME = guoliang;
				TargetAttributes = {
					EC306CE723AFB24D00FDE4EB = {
						CreatedOnToolsVersion = 11.0;
					};
				};
			};
			buildConfigurationList = EC306CE323AFB24D00FDE4EB /* Build configuration list for PBXProject "Play-with-Data-Structrues-in-OC" */;
			compatibilityVersion = "Xcode 9.3";
			developmentRegion = en;
			hasScannedForEncodings = 0;
			knownRegions = (
				en,
				Base,
			);
			mainGroup = EC306CDF23AFB24D00FDE4EB;
			productRefGroup = EC306CE923AFB24D00FDE4EB /* Products */;
			projectDirPath = "";
			projectRoot = "";
			targets = (
				EC306CE723AFB24D00FDE4EB /* Play-with-Data-Structrues-in-OC */,
			);
		};
/* End PBXProject section */

/* Begin PBXSourcesBuildPhase section */
		EC306CE423AFB24D00FDE4EB /* Sources */ = {
			isa = PBXSourcesBuildPhase;
			buildActionMask = 2147483647;
			files = (
				ECF1175E23B644D300A67597 /* main.m in Sources */,
				ECF1175623B5B67B00A67597 /* Node.m in Sources */,
				ECF1171923B10D2100A67597 /* main.m in Sources */,
				ECF1174E23B4F5D300A67597 /* LinkedListStack.m in Sources */,
				ECF1174923B4C67100A67597 /* LinkedList.m in Sources */,
				EC306CF723AFCBFD00FDE4EB /* main.m in Sources */,
				ECF1175C23B636CD00A67597 /* LinkedListR.m in Sources */,
				ECD06F1023B899AA0031D9ED /* TreeNode.m in Sources */,
				ECF1175123B4F92000A67597 /* LinkedListQueue.m in Sources */,
				ECD06F1523B89B150031D9ED /* BST.m in Sources */,
				ECF1171823B10D2100A67597 /* LoopQueue.m in Sources */,
				ECD06F1223B89ADC0031D9ED /* main.m in Sources */,
				EC306CF523AFB34B00FDE4EB /* Array.m in Sources */,
				ECF1171723B10D2100A67597 /* ArrayStack.m in Sources */,
				ECF1174B23B4F0DA00A67597 /* main.m in Sources */,
				ECF1171A23B10D2100A67597 /* ArrayQueue.m in Sources */,
			);
			runOnlyForDeploymentPostprocessing = 0;
		};
/* End PBXSourcesBuildPhase section */

/* Begin XCBuildConfiguration section */
		EC306CED23AFB24D00FDE4EB /* Debug */ = {
			isa = XCBuildConfiguration;
			buildSettings = {
				ALWAYS_SEARCH_USER_PATHS = NO;
				CLANG_ANALYZER_NONNULL = YES;
				CLANG_ANALYZER_NUMBER_OBJECT_CONVERSION = YES_AGGRESSIVE;
				CLANG_CXX_LANGUAGE_STANDARD = "gnu++14";
				CLANG_CXX_LIBRARY = "libc++";
				CLANG_ENABLE_MODULES = YES;
				CLANG_ENABLE_OBJC_ARC = YES;
				CLANG_ENABLE_OBJC_WEAK = YES;
				CLANG_WARN_BLOCK_CAPTURE_AUTORELEASING = YES;
				CLANG_WARN_BOOL_CONVERSION = YES;
				CLANG_WARN_COMMA = YES;
				CLANG_WARN_CONSTANT_CONVERSION = YES;
				CLANG_WARN_DEPRECATED_OBJC_IMPLEMENTATIONS = YES;
				CLANG_WARN_DIRECT_OBJC_ISA_USAGE = YES_ERROR;
				CLANG_WARN_DOCUMENTATION_COMMENTS = YES;
				CLANG_WARN_EMPTY_BODY = YES;
				CLANG_WARN_ENUM_CONVERSION = YES;
				CLANG_WARN_INFINITE_RECURSION = YES;
				CLANG_WARN_INT_CONVERSION = YES;
				CLANG_WARN_NON_LITERAL_NULL_CONVERSION = YES;
				CLANG_WARN_OBJC_IMPLICIT_RETAIN_SELF = YES;
				CLANG_WARN_OBJC_LITERAL_CONVERSION = YES;
				CLANG_WARN_OBJC_ROOT_CLASS = YES_ERROR;
				CLANG_WARN_RANGE_LOOP_ANALYSIS = YES;
				CLANG_WARN_STRICT_PROTOTYPES = YES;
				CLANG_WARN_SUSPICIOUS_MOVE = YES;
				CLANG_WARN_UNGUARDED_AVAILABILITY = YES_AGGRESSIVE;
				CLANG_WARN_UNREACHABLE_CODE = YES;
				CLANG_WARN__DUPLICATE_METHOD_MATCH = YES;
				COPY_PHASE_STRIP = NO;
				DEBUG_INFORMATION_FORMAT = dwarf;
				ENABLE_STRICT_OBJC_MSGSEND = YES;
				ENABLE_TESTABILITY = YES;
				GCC_C_LANGUAGE_STANDARD = gnu11;
				GCC_DYNAMIC_NO_PIC = NO;
				GCC_NO_COMMON_BLOCKS = YES;
				GCC_OPTIMIZATION_LEVEL = 0;
				GCC_PREPROCESSOR_DEFINITIONS = (
					"DEBUG=1",
					"$(inherited)",
				);
				GCC_WARN_64_TO_32_BIT_CONVERSION = YES;
				GCC_WARN_ABOUT_RETURN_TYPE = YES_ERROR;
				GCC_WARN_UNDECLARED_SELECTOR = YES;
				GCC_WARN_UNINITIALIZED_AUTOS = YES_AGGRESSIVE;
				GCC_WARN_UNUSED_FUNCTION = YES;
				GCC_WARN_UNUSED_VARIABLE = YES;
				MACOSX_DEPLOYMENT_TARGET = 10.14;
				MTL_ENABLE_DEBUG_INFO = INCLUDE_SOURCE;
				MTL_FAST_MATH = YES;
				ONLY_ACTIVE_ARCH = YES;
				SDKROOT = macosx;
			};
			name = Debug;
		};
		EC306CEE23AFB24D00FDE4EB /* Release */ = {
			isa = XCBuildConfiguration;
			buildSettings = {
				ALWAYS_SEARCH_USER_PATHS = NO;
				CLANG_ANALYZER_NONNULL = YES;
				CLANG_ANALYZER_NUMBER_OBJECT_CONVERSION = YES_AGGRESSIVE;
				CLANG_CXX_LANGUAGE_STANDARD = "gnu++14";
				CLANG_CXX_LIBRARY = "libc++";
				CLANG_ENABLE_MODULES = YES;
				CLANG_ENABLE_OBJC_ARC = YES;
				CLANG_ENABLE_OBJC_WEAK = YES;
				CLANG_WARN_BLOCK_CAPTURE_AUTORELEASING = YES;
				CLANG_WARN_BOOL_CONVERSION = YES;
				CLANG_WARN_COMMA = YES;
				CLANG_WARN_CONSTANT_CONVERSION = YES;
				CLANG_WARN_DEPRECATED_OBJC_IMPLEMENTATIONS = YES;
				CLANG_WARN_DIRECT_OBJC_ISA_USAGE = YES_ERROR;
				CLANG_WARN_DOCUMENTATION_COMMENTS = YES;
				CLANG_WARN_EMPTY_BODY = YES;
				CLANG_WARN_ENUM_CONVERSION = YES;
				CLANG_WARN_INFINITE_RECURSION = YES;
				CLANG_WARN_INT_CONVERSION = YES;
				CLANG_WARN_NON_LITERAL_NULL_CONVERSION = YES;
				CLANG_WARN_OBJC_IMPLICIT_RETAIN_SELF = YES;
				CLANG_WARN_OBJC_LITERAL_CONVERSION = YES;
				CLANG_WARN_OBJC_ROOT_CLASS = YES_ERROR;
				CLANG_WARN_RANGE_LOOP_ANALYSIS = YES;
				CLANG_WARN_STRICT_PROTOTYPES = YES;
				CLANG_WARN_SUSPICIOUS_MOVE = YES;
				CLANG_WARN_UNGUARDED_AVAILABILITY = YES_AGGRESSIVE;
				CLANG_WARN_UNREACHABLE_CODE = YES;
				CLANG_WARN__DUPLICATE_METHOD_MATCH = YES;
				COPY_PHASE_STRIP = NO;
				DEBUG_INFORMATION_FORMAT = "dwarf-with-dsym";
				ENABLE_NS_ASSERTIONS = NO;
				ENABLE_STRICT_OBJC_MSGSEND = YES;
				GCC_C_LANGUAGE_STANDARD = gnu11;
				GCC_NO_COMMON_BLOCKS = YES;
				GCC_WARN_64_TO_32_BIT_CONVERSION = YES;
				GCC_WARN_ABOUT_RETURN_TYPE = YES_ERROR;
				GCC_WARN_UNDECLARED_SELECTOR = YES;
				GCC_WARN_UNINITIALIZED_AUTOS = YES_AGGRESSIVE;
				GCC_WARN_UNUSED_FUNCTION = YES;
				GCC_WARN_UNUSED_VARIABLE = YES;
				MACOSX_DEPLOYMENT_TARGET = 10.14;
				MTL_ENABLE_DEBUG_INFO = NO;
				MTL_FAST_MATH = YES;
				SDKROOT = macosx;
			};
			name = Release;
		};
		EC306CF023AFB24D00FDE4EB /* Debug */ = {
			isa = XCBuildConfiguration;
			buildSettings = {
				CODE_SIGN_STYLE = Automatic;
				PRODUCT_NAME = "$(TARGET_NAME)";
			};
			name = Debug;
		};
		EC306CF123AFB24D00FDE4EB /* Release */ = {
			isa = XCBuildConfiguration;
			buildSettings = {
				CODE_SIGN_STYLE = Automatic;
				PRODUCT_NAME = "$(TARGET_NAME)";
			};
			name = Release;
		};
/* End XCBuildConfiguration section */

/* Begin XCConfigurationList section */
		EC306CE323AFB24D00FDE4EB /* Build configuration list for PBXProject "Play-with-Data-Structrues-in-OC" */ = {
			isa = XCConfigurationList;
			buildConfigurations = (
				EC306CED23AFB24D00FDE4EB /* Debug */,
				EC306CEE23AFB24D00FDE4EB /* Release */,
			);
			defaultConfigurationIsVisible = 0;
			defaultConfigurationName = Release;
		};
		EC306CEF23AFB24D00FDE4EB /* Build configuration list for PBXNativeTarget "Play-with-Data-Structrues-in-OC" */ = {
			isa = XCConfigurationList;
			buildConfigurations = (
				EC306CF023AFB24D00FDE4EB /* Debug */,
				EC306CF123AFB24D00FDE4EB /* Release */,
			);
			defaultConfigurationIsVisible = 0;
			defaultConfigurationName = Release;
		};
/* End XCConfigurationList section */
	};
	rootObject = EC306CE023AFB24D00FDE4EB /* Project object */;
}
