// !$*UTF8*$!
{
	archiveVersion = 1;
	classes = {
	};
	objectVersion = 50;
	objects = {

/* Begin PBXBuildFile section */
		EC306CF523AFB34B00FDE4EB /* Array.m in Sources */ = {isa = PBXBuildFile; fileRef = EC306CF423AFB34B00FDE4EB /* Array.m */; };
		EC306CF723AFCBFD00FDE4EB /* main.m in Sources */ = {isa = PBXBuildFile; fileRef = EC306CF623AFCBFD00FDE4EB /* main.m */; };
		ECA95C9323BA36A80007DBAB /* BSTSet.m in Sources */ = {isa = PBXBuildFile; fileRef = ECA95C9223BA36A80007DBAB /* BSTSet.m */; };
		ECA95C9623BA382F0007DBAB /* LinkedListSet.m in Sources */ = {isa = PBXBuildFile; fileRef = ECA95C9523BA382F0007DBAB /* LinkedListSet.m */; };
		ECA95C9923BA39650007DBAB /* main.m in Sources */ = {isa = PBXBuildFile; fileRef = ECA95C9823BA39650007DBAB /* main.m */; };
		ECA95C9D23BA3F560007DBAB /* LinkedListMap.m in Sources */ = {isa = PBXBuildFile; fileRef = ECA95C9C23BA3F560007DBAB /* LinkedListMap.m */; };
		ECA95CA023BA3F820007DBAB /* ListNodeKV.m in Sources */ = {isa = PBXBuildFile; fileRef = ECA95C9F23BA3F820007DBAB /* ListNodeKV.m */; };
		ECA95CA323BA455C0007DBAB /* BSTMap.m in Sources */ = {isa = PBXBuildFile; fileRef = ECA95CA223BA455C0007DBAB /* BSTMap.m */; };
		ECA95CA623BA456C0007DBAB /* TreeNodeKV.m in Sources */ = {isa = PBXBuildFile; fileRef = ECA95CA523BA456C0007DBAB /* TreeNodeKV.m */; };
		ECAD20D923BCABD700903D3F /* TrieNode.m in Sources */ = {isa = PBXBuildFile; fileRef = ECAD20D823BCABD700903D3F /* TrieNode.m */; };
		ECAD20DC23BCACF600903D3F /* Trie.m in Sources */ = {isa = PBXBuildFile; fileRef = ECAD20DB23BCACF600903D3F /* Trie.m */; };
		ECAD20DE23BCB01500903D3F /* main.m in Sources */ = {isa = PBXBuildFile; fileRef = ECAD20DD23BCB01500903D3F /* main.m */; };
		ECAD20E023BCC62B00903D3F /* LeetCode0211.m in Sources */ = {isa = PBXBuildFile; fileRef = ECAD20DF23BCC62B00903D3F /* LeetCode0211.m */; };
		ECAD20E223BCCD6A00903D3F /* LeetCode0677.m in Sources */ = {isa = PBXBuildFile; fileRef = ECAD20E123BCCD6A00903D3F /* LeetCode0677.m */; };
		ECD06F1023B899AA0031D9ED /* TreeNode.m in Sources */ = {isa = PBXBuildFile; fileRef = ECD06F0F23B899AA0031D9ED /* TreeNode.m */; };
		ECD06F1223B89ADC0031D9ED /* main.m in Sources */ = {isa = PBXBuildFile; fileRef = ECD06F1123B89ADC0031D9ED /* main.m */; };
		ECD06F1523B89B150031D9ED /* BST.m in Sources */ = {isa = PBXBuildFile; fileRef = ECD06F1423B89B150031D9ED /* BST.m */; };
		ECE499A423BB850D0000027B /* MaxHeap.m in Sources */ = {isa = PBXBuildFile; fileRef = ECE499A323BB850D0000027B /* MaxHeap.m */; };
		ECE499A623BB8DF80000027B /* main.m in Sources */ = {isa = PBXBuildFile; fileRef = ECE499A523BB8DF80000027B /* main.m */; };
		ECE499A923BB94D00000027B /* PriorityQueue.m in Sources */ = {isa = PBXBuildFile; fileRef = ECE499A823BB94D00000027B /* PriorityQueue.m */; };
		ECE499AC23BC4B760000027B /* main.m in Sources */ = {isa = PBXBuildFile; fileRef = ECE499AB23BC4B760000027B /* main.m */; };
		ECE499AF23BC4BC10000027B /* SegmentTree.m in Sources */ = {isa = PBXBuildFile; fileRef = ECE499AE23BC4BC10000027B /* SegmentTree.m */; };
		ECE499B123BC6F950000027B /* LeetCode0303.m in Sources */ = {isa = PBXBuildFile; fileRef = ECE499B023BC6F950000027B /* LeetCode0303.m */; };
		ECE499B323BC78C70000027B /* LeetCode0307.m in Sources */ = {isa = PBXBuildFile; fileRef = ECE499B223BC78C70000027B /* LeetCode0307.m */; };
		ECE499B623BC7DF80000027B /* SegmentTree2.m in Sources */ = {isa = PBXBuildFile; fileRef = ECE499B523BC7DF80000027B /* SegmentTree2.m */; };
		ECE499B923BC7E0D0000027B /* SegmentTreeNode.m in Sources */ = {isa = PBXBuildFile; fileRef = ECE499B823BC7E0D0000027B /* SegmentTreeNode.m */; };
		ECF1171723B10D2100A67597 /* ArrayStack.m in Sources */ = {isa = PBXBuildFile; fileRef = ECF1170F23B10D2000A67597 /* ArrayStack.m */; };
		ECF1171823B10D2100A67597 /* LoopQueue.m in Sources */ = {isa = PBXBuildFile; fileRef = ECF1171323B10D2100A67597 /* LoopQueue.m */; };
		ECF1171923B10D2100A67597 /* main.m in Sources */ = {isa = PBXBuildFile; fileRef = ECF1171423B10D2100A67597 /* main.m */; };
		ECF1171A23B10D2100A67597 /* ArrayQueue.m in Sources */ = {isa = PBXBuildFile; fileRef = ECF1171623B10D2100A67597 /* ArrayQueue.m */; };
		ECF1174923B4C67100A67597 /* LinkedList.m in Sources */ = {isa = PBXBuildFile; fileRef = ECF1174823B4C67100A67597 /* LinkedList.m */; };
		ECF1174B23B4F0DA00A67597 /* main.m in Sources */ = {isa = PBXBuildFile; fileRef = ECF1174A23B4F0DA00A67597 /* main.m */; };
		ECF1174E23B4F5D300A67597 /* LinkedListStack.m in Sources */ = {isa = PBXBuildFile; fileRef = ECF1174D23B4F5D300A67597 /* LinkedListStack.m */; };
		ECF1175123B4F92000A67597 /* LinkedListQueue.m in Sources */ = {isa = PBXBuildFile; fileRef = ECF1175023B4F92000A67597 /* LinkedListQueue.m */; };
		ECF1175623B5B67B00A67597 /* Node.m in Sources */ = {isa = PBXBuildFile; fileRef = ECF1175523B5B67B00A67597 /* Node.m */; };
		ECF1175C23B636CD00A67597 /* LinkedListR.m in Sources */ = {isa = PBXBuildFile; fileRef = ECF1175B23B636CD00A67597 /* LinkedListR.m */; };
		ECF1175E23B644D300A67597 /* main.m in Sources */ = {isa = PBXBuildFile; fileRef = ECF1175D23B644D300A67597 /* main.m */; };
/* End PBXBuildFile section */

/* Begin PBXCopyFilesBuildPhase section */
		EC306CE623AFB24D00FDE4EB /* CopyFiles */ = {
			isa = PBXCopyFilesBuildPhase;
			buildActionMask = 2147483647;
			dstPath = /usr/share/man/man1/;
			dstSubfolderSpec = 0;
			files = (
			);
			runOnlyForDeploymentPostprocessing = 1;
		};
/* End PBXCopyFilesBuildPhase section */

/* Begin PBXFileReference section */
		EC306CE823AFB24D00FDE4EB /* Play-with-Data-Structrues-in-OC */ = {isa = PBXFileReference; explicitFileType = "compiled.mach-o.executable"; includeInIndex = 0; path = "Play-with-Data-Structrues-in-OC"; sourceTree = BUILT_PRODUCTS_DIR; };
		EC306CF323AFB34B00FDE4EB /* Array.h */ = {isa = PBXFileReference; lastKnownFileType = sourcecode.c.h; path = Array.h; sourceTree = "<group>"; };
		EC306CF423AFB34B00FDE4EB /* Array.m */ = {isa = PBXFileReference; lastKnownFileType = sourcecode.c.objc; path = Array.m; sourceTree = "<group>"; };
		EC306CF623AFCBFD00FDE4EB /* main.m */ = {isa = PBXFileReference; lastKnownFileType = sourcecode.c.objc; path = main.m; sourceTree = "<group>"; };
		ECA95C9023BA36230007DBAB /* Set.h */ = {isa = PBXFileReference; lastKnownFileType = sourcecode.c.h; path = Set.h; sourceTree = "<group>"; };
		ECA95C9123BA36A80007DBAB /* BSTSet.h */ = {isa = PBXFileReference; lastKnownFileType = sourcecode.c.h; path = BSTSet.h; sourceTree = "<group>"; };
		ECA95C9223BA36A80007DBAB /* BSTSet.m */ = {isa = PBXFileReference; lastKnownFileType = sourcecode.c.objc; path = BSTSet.m; sourceTree = "<group>"; };
		ECA95C9423BA382F0007DBAB /* LinkedListSet.h */ = {isa = PBXFileReference; lastKnownFileType = sourcecode.c.h; path = LinkedListSet.h; sourceTree = "<group>"; };
		ECA95C9523BA382F0007DBAB /* LinkedListSet.m */ = {isa = PBXFileReference; lastKnownFileType = sourcecode.c.objc; path = LinkedListSet.m; sourceTree = "<group>"; };
		ECA95C9823BA39650007DBAB /* main.m */ = {isa = PBXFileReference; lastKnownFileType = sourcecode.c.objc; path = main.m; sourceTree = "<group>"; };
		ECA95C9A23BA3DC40007DBAB /* Map.h */ = {isa = PBXFileReference; lastKnownFileType = sourcecode.c.h; path = Map.h; sourceTree = "<group>"; };
		ECA95C9B23BA3F560007DBAB /* LinkedListMap.h */ = {isa = PBXFileReference; lastKnownFileType = sourcecode.c.h; path = LinkedListMap.h; sourceTree = "<group>"; };
		ECA95C9C23BA3F560007DBAB /* LinkedListMap.m */ = {isa = PBXFileReference; lastKnownFileType = sourcecode.c.objc; path = LinkedListMap.m; sourceTree = "<group>"; };
		ECA95C9E23BA3F820007DBAB /* ListNodeKV.h */ = {isa = PBXFileReference; lastKnownFileType = sourcecode.c.h; path = ListNodeKV.h; sourceTree = "<group>"; };
		ECA95C9F23BA3F820007DBAB /* ListNodeKV.m */ = {isa = PBXFileReference; lastKnownFileType = sourcecode.c.objc; path = ListNodeKV.m; sourceTree = "<group>"; };
		ECA95CA123BA455C0007DBAB /* BSTMap.h */ = {isa = PBXFileReference; lastKnownFileType = sourcecode.c.h; path = BSTMap.h; sourceTree = "<group>"; };
		ECA95CA223BA455C0007DBAB /* BSTMap.m */ = {isa = PBXFileReference; lastKnownFileType = sourcecode.c.objc; path = BSTMap.m; sourceTree = "<group>"; };
		ECA95CA423BA456C0007DBAB /* TreeNodeKV.h */ = {isa = PBXFileReference; lastKnownFileType = sourcecode.c.h; path = TreeNodeKV.h; sourceTree = "<group>"; };
		ECA95CA523BA456C0007DBAB /* TreeNodeKV.m */ = {isa = PBXFileReference; lastKnownFileType = sourcecode.c.objc; path = TreeNodeKV.m; sourceTree = "<group>"; };
		ECAD20D723BCABD700903D3F /* TrieNode.h */ = {isa = PBXFileReference; lastKnownFileType = sourcecode.c.h; path = TrieNode.h; sourceTree = "<group>"; };
		ECAD20D823BCABD700903D3F /* TrieNode.m */ = {isa = PBXFileReference; lastKnownFileType = sourcecode.c.objc; path = TrieNode.m; sourceTree = "<group>"; };
		ECAD20DA23BCACF600903D3F /* Trie.h */ = {isa = PBXFileReference; lastKnownFileType = sourcecode.c.h; path = Trie.h; sourceTree = "<group>"; };
		ECAD20DB23BCACF600903D3F /* Trie.m */ = {isa = PBXFileReference; lastKnownFileType = sourcecode.c.objc; path = Trie.m; sourceTree = "<group>"; };
		ECAD20DD23BCB01500903D3F /* main.m */ = {isa = PBXFileReference; lastKnownFileType = sourcecode.c.objc; path = main.m; sourceTree = "<group>"; };
		ECAD20DF23BCC62B00903D3F /* LeetCode0211.m */ = {isa = PBXFileReference; lastKnownFileType = sourcecode.c.objc; path = LeetCode0211.m; sourceTree = "<group>"; };
		ECAD20E123BCCD6A00903D3F /* LeetCode0677.m */ = {isa = PBXFileReference; lastKnownFileType = sourcecode.c.objc; path = LeetCode0677.m; sourceTree = "<group>"; };
		ECD06F0E23B899AA0031D9ED /* TreeNode.h */ = {isa = PBXFileReference; lastKnownFileType = sourcecode.c.h; path = TreeNode.h; sourceTree = "<group>"; };
		ECD06F0F23B899AA0031D9ED /* TreeNode.m */ = {isa = PBXFileReference; lastKnownFileType = sourcecode.c.objc; path = TreeNode.m; sourceTree = "<group>"; };
		ECD06F1123B89ADC0031D9ED /* main.m */ = {isa = PBXFileReference; lastKnownFileType = sourcecode.c.objc; path = main.m; sourceTree = "<group>"; };
		ECD06F1323B89B150031D9ED /* BST.h */ = {isa = PBXFileReference; lastKnownFileType = sourcecode.c.h; path = BST.h; sourceTree = "<group>"; };
		ECD06F1423B89B150031D9ED /* BST.m */ = {isa = PBXFileReference; lastKnownFileType = sourcecode.c.objc; path = BST.m; sourceTree = "<group>"; };
		ECE499A223BB850D0000027B /* MaxHeap.h */ = {isa = PBXFileReference; lastKnownFileType = sourcecode.c.h; path = MaxHeap.h; sourceTree = "<group>"; };
		ECE499A323BB850D0000027B /* MaxHeap.m */ = {isa = PBXFileReference; lastKnownFileType = sourcecode.c.objc; path = MaxHeap.m; sourceTree = "<group>"; };
		ECE499A523BB8DF80000027B /* main.m */ = {isa = PBXFileReference; lastKnownFileType = sourcecode.c.objc; path = main.m; sourceTree = "<group>"; };
		ECE499A723BB94D00000027B /* PriorityQueue.h */ = {isa = PBXFileReference; lastKnownFileType = sourcecode.c.h; path = PriorityQueue.h; sourceTree = "<group>"; };
		ECE499A823BB94D00000027B /* PriorityQueue.m */ = {isa = PBXFileReference; lastKnownFileType = sourcecode.c.objc; path = PriorityQueue.m; sourceTree = "<group>"; };
		ECE499AB23BC4B760000027B /* main.m */ = {isa = PBXFileReference; lastKnownFileType = sourcecode.c.objc; path = main.m; sourceTree = "<group>"; };
		ECE499AD23BC4BC10000027B /* SegmentTree.h */ = {isa = PBXFileReference; lastKnownFileType = sourcecode.c.h; path = SegmentTree.h; sourceTree = "<group>"; };
		ECE499AE23BC4BC10000027B /* SegmentTree.m */ = {isa = PBXFileReference; lastKnownFileType = sourcecode.c.objc; path = SegmentTree.m; sourceTree = "<group>"; };
		ECE499B023BC6F950000027B /* LeetCode0303.m */ = {isa = PBXFileReference; lastKnownFileType = sourcecode.c.objc; path = LeetCode0303.m; sourceTree = "<group>"; };
		ECE499B223BC78C70000027B /* LeetCode0307.m */ = {isa = PBXFileReference; lastKnownFileType = sourcecode.c.objc; path = LeetCode0307.m; sourceTree = "<group>"; };
		ECE499B423BC7DF80000027B /* SegmentTree2.h */ = {isa = PBXFileReference; lastKnownFileType = sourcecode.c.h; path = SegmentTree2.h; sourceTree = "<group>"; };
		ECE499B523BC7DF80000027B /* SegmentTree2.m */ = {isa = PBXFileReference; lastKnownFileType = sourcecode.c.objc; path = SegmentTree2.m; sourceTree = "<group>"; };
		ECE499B723BC7E0D0000027B /* SegmentTreeNode.h */ = {isa = PBXFileReference; lastKnownFileType = sourcecode.c.h; path = SegmentTreeNode.h; sourceTree = "<group>"; };
		ECE499B823BC7E0D0000027B /* SegmentTreeNode.m */ = {isa = PBXFileReference; lastKnownFileType = sourcecode.c.objc; path = SegmentTreeNode.m; sourceTree = "<group>"; };
		ECF1170E23B10D2000A67597 /* ArrayQueue.h */ = {isa = PBXFileReference; fileEncoding = 4; lastKnownFileType = sourcecode.c.h; path = ArrayQueue.h; sourceTree = "<group>"; };
		ECF1170F23B10D2000A67597 /* ArrayStack.m */ = {isa = PBXFileReference; fileEncoding = 4; lastKnownFileType = sourcecode.c.objc; path = ArrayStack.m; sourceTree = "<group>"; };
		ECF1171023B10D2000A67597 /* ArrayStack.h */ = {isa = PBXFileReference; fileEncoding = 4; lastKnownFileType = sourcecode.c.h; path = ArrayStack.h; sourceTree = "<group>"; };
		ECF1171123B10D2100A67597 /* LoopQueue.h */ = {isa = PBXFileReference; fileEncoding = 4; lastKnownFileType = sourcecode.c.h; path = LoopQueue.h; sourceTree = "<group>"; };
		ECF1171223B10D2100A67597 /* Queue.h */ = {isa = PBXFileReference; fileEncoding = 4; lastKnownFileType = sourcecode.c.h; path = Queue.h; sourceTree = "<group>"; };
		ECF1171323B10D2100A67597 /* LoopQueue.m */ = {isa = PBXFileReference; fileEncoding = 4; lastKnownFileType = sourcecode.c.objc; path = LoopQueue.m; sourceTree = "<group>"; };
		ECF1171423B10D2100A67597 /* main.m */ = {isa = PBXFileReference; fileEncoding = 4; lastKnownFileType = sourcecode.c.objc; path = main.m; sourceTree = "<group>"; };
		ECF1171523B10D2100A67597 /* Stack.h */ = {isa = PBXFileReference; fileEncoding = 4; lastKnownFileType = sourcecode.c.h; path = Stack.h; sourceTree = "<group>"; };
		ECF1171623B10D2100A67597 /* ArrayQueue.m */ = {isa = PBXFileReference; fileEncoding = 4; lastKnownFileType = sourcecode.c.objc; path = ArrayQueue.m; sourceTree = "<group>"; };
		ECF1174723B4C67100A67597 /* LinkedList.h */ = {isa = PBXFileReference; lastKnownFileType = sourcecode.c.h; path = LinkedList.h; sourceTree = "<group>"; };
		ECF1174823B4C67100A67597 /* LinkedList.m */ = {isa = PBXFileReference; lastKnownFileType = sourcecode.c.objc; path = LinkedList.m; sourceTree = "<group>"; };
		ECF1174A23B4F0DA00A67597 /* main.m */ = {isa = PBXFileReference; lastKnownFileType = sourcecode.c.objc; path = main.m; sourceTree = "<group>"; };
		ECF1174C23B4F5D300A67597 /* LinkedListStack.h */ = {isa = PBXFileReference; lastKnownFileType = sourcecode.c.h; path = LinkedListStack.h; sourceTree = "<group>"; };
		ECF1174D23B4F5D300A67597 /* LinkedListStack.m */ = {isa = PBXFileReference; lastKnownFileType = sourcecode.c.objc; path = LinkedListStack.m; sourceTree = "<group>"; };
		ECF1174F23B4F92000A67597 /* LinkedListQueue.h */ = {isa = PBXFileReference; lastKnownFileType = sourcecode.c.h; path = LinkedListQueue.h; sourceTree = "<group>"; };
		ECF1175023B4F92000A67597 /* LinkedListQueue.m */ = {isa = PBXFileReference; lastKnownFileType = sourcecode.c.objc; path = LinkedListQueue.m; sourceTree = "<group>"; };
		ECF1175423B5B67B00A67597 /* Node.h */ = {isa = PBXFileReference; lastKnownFileType = sourcecode.c.h; path = Node.h; sourceTree = "<group>"; };
		ECF1175523B5B67B00A67597 /* Node.m */ = {isa = PBXFileReference; lastKnownFileType = sourcecode.c.objc; path = Node.m; sourceTree = "<group>"; };
		ECF1175A23B636CD00A67597 /* LinkedListR.h */ = {isa = PBXFileReference; lastKnownFileType = sourcecode.c.h; path = LinkedListR.h; sourceTree = "<group>"; };
		ECF1175B23B636CD00A67597 /* LinkedListR.m */ = {isa = PBXFileReference; lastKnownFileType = sourcecode.c.objc; path = LinkedListR.m; sourceTree = "<group>"; };
		ECF1175D23B644D300A67597 /* main.m */ = {isa = PBXFileReference; lastKnownFileType = sourcecode.c.objc; path = main.m; sourceTree = "<group>"; };
/* End PBXFileReference section */

/* Begin PBXFrameworksBuildPhase section */
		EC306CE523AFB24D00FDE4EB /* Frameworks */ = {
			isa = PBXFrameworksBuildPhase;
			buildActionMask = 2147483647;
			files = (
			);
			runOnlyForDeploymentPostprocessing = 0;
		};
/* End PBXFrameworksBuildPhase section */

/* Begin PBXGroup section */
		EC306CDF23AFB24D00FDE4EB = {
			isa = PBXGroup;
			children = (
				EC306CF223AFB2EA00FDE4EB /* 02-Arrays */,
				ECF1170D23B10CEA00A67597 /* 03-Stacks-and-Queues */,
				ECF1174623B4C5C000A67597 /* 04-Linked-List */,
				ECF1175923B6359C00A67597 /* 05-Recursion */,
				ECD06F0D23B899680031D9ED /* 06-Binary-Search-Tree */,
				ECA95C8F23BA35F70007DBAB /* 07-Set-and-Map */,
				ECE499A123BB84D00000027B /* 08-Heap-and-Priority-Queue */,
				ECE499AA23BC4AB40000027B /* 09-Segment-Tree */,
				ECAD20D623BCAB6800903D3F /* 10-Trie */,
				EC306CE923AFB24D00FDE4EB /* Products */,
			);
			sourceTree = "<group>";
		};
		EC306CE923AFB24D00FDE4EB /* Products */ = {
			isa = PBXGroup;
			children = (
				EC306CE823AFB24D00FDE4EB /* Play-with-Data-Structrues-in-OC */,
			);
			name = Products;
			sourceTree = "<group>";
		};
		EC306CF223AFB2EA00FDE4EB /* 02-Arrays */ = {
			isa = PBXGroup;
			children = (
				EC306CF323AFB34B00FDE4EB /* Array.h */,
				EC306CF423AFB34B00FDE4EB /* Array.m */,
				EC306CF623AFCBFD00FDE4EB /* main.m */,
			);
			path = "02-Arrays";
			sourceTree = "<group>";
		};
		ECA95C8F23BA35F70007DBAB /* 07-Set-and-Map */ = {
			isa = PBXGroup;
			children = (
				ECA95C9023BA36230007DBAB /* Set.h */,
				ECA95C9123BA36A80007DBAB /* BSTSet.h */,
				ECA95C9223BA36A80007DBAB /* BSTSet.m */,
				ECA95C9423BA382F0007DBAB /* LinkedListSet.h */,
				ECA95C9523BA382F0007DBAB /* LinkedListSet.m */,
				ECA95C9823BA39650007DBAB /* main.m */,
				ECA95C9A23BA3DC40007DBAB /* Map.h */,
				ECA95C9B23BA3F560007DBAB /* LinkedListMap.h */,
				ECA95C9C23BA3F560007DBAB /* LinkedListMap.m */,
				ECA95C9E23BA3F820007DBAB /* ListNodeKV.h */,
				ECA95C9F23BA3F820007DBAB /* ListNodeKV.m */,
				ECA95CA123BA455C0007DBAB /* BSTMap.h */,
				ECA95CA223BA455C0007DBAB /* BSTMap.m */,
				ECA95CA423BA456C0007DBAB /* TreeNodeKV.h */,
				ECA95CA523BA456C0007DBAB /* TreeNodeKV.m */,
			);
			path = "07-Set-and-Map";
			sourceTree = "<group>";
		};
		ECAD20D623BCAB6800903D3F /* 10-Trie */ = {
			isa = PBXGroup;
			children = (
				ECAD20D723BCABD700903D3F /* TrieNode.h */,
				ECAD20D823BCABD700903D3F /* TrieNode.m */,
				ECAD20DA23BCACF600903D3F /* Trie.h */,
				ECAD20DB23BCACF600903D3F /* Trie.m */,
				ECAD20DD23BCB01500903D3F /* main.m */,
				ECAD20DF23BCC62B00903D3F /* LeetCode0211.m */,
				ECAD20E123BCCD6A00903D3F /* LeetCode0677.m */,
			);
			path = "10-Trie";
			sourceTree = "<group>";
		};
		ECD06F0D23B899680031D9ED /* 06-Binary-Search-Tree */ = {
			isa = PBXGroup;
			children = (
				ECD06F0E23B899AA0031D9ED /* TreeNode.h */,
				ECD06F0F23B899AA0031D9ED /* TreeNode.m */,
				ECD06F1123B89ADC0031D9ED /* main.m */,
				ECD06F1323B89B150031D9ED /* BST.h */,
				ECD06F1423B89B150031D9ED /* BST.m */,
			);
			path = "06-Binary-Search-Tree";
			sourceTree = "<group>";
		};
		ECE499A123BB84D00000027B /* 08-Heap-and-Priority-Queue */ = {
			isa = PBXGroup;
			children = (
				ECE499A223BB850D0000027B /* MaxHeap.h */,
				ECE499A323BB850D0000027B /* MaxHeap.m */,
				ECE499A523BB8DF80000027B /* main.m */,
				ECE499A723BB94D00000027B /* PriorityQueue.h */,
				ECE499A823BB94D00000027B /* PriorityQueue.m */,
			);
			path = "08-Heap-and-Priority-Queue";
			sourceTree = "<group>";
		};
		ECE499AA23BC4AB40000027B /* 09-Segment-Tree */ = {
			isa = PBXGroup;
			children = (
				ECE499AB23BC4B760000027B /* main.m */,
				ECE499AD23BC4BC10000027B /* SegmentTree.h */,
				ECE499AE23BC4BC10000027B /* SegmentTree.m */,
				ECE499B023BC6F950000027B /* LeetCode0303.m */,
				ECE499B223BC78C70000027B /* LeetCode0307.m */,
				ECE499B423BC7DF80000027B /* SegmentTree2.h */,
				ECE499B523BC7DF80000027B /* SegmentTree2.m */,
				ECE499B723BC7E0D0000027B /* SegmentTreeNode.h */,
				ECE499B823BC7E0D0000027B /* SegmentTreeNode.m */,
			);
			path = "09-Segment-Tree";
			sourceTree = "<group>";
		};
		ECF1170D23B10CEA00A67597 /* 03-Stacks-and-Queues */ = {
			isa = PBXGroup;
			children = (
				ECF1170E23B10D2000A67597 /* ArrayQueue.h */,
				ECF1171623B10D2100A67597 /* ArrayQueue.m */,
				ECF1171023B10D2000A67597 /* ArrayStack.h */,
				ECF1170F23B10D2000A67597 /* ArrayStack.m */,
				ECF1171123B10D2100A67597 /* LoopQueue.h */,
				ECF1171323B10D2100A67597 /* LoopQueue.m */,
				ECF1171423B10D2100A67597 /* main.m */,
				ECF1171223B10D2100A67597 /* Queue.h */,
				ECF1171523B10D2100A67597 /* Stack.h */,
			);
			path = "03-Stacks-and-Queues";
			sourceTree = "<group>";
		};
		ECF1174623B4C5C000A67597 /* 04-Linked-List */ = {
			isa = PBXGroup;
			children = (
				ECF1174723B4C67100A67597 /* LinkedList.h */,
				ECF1174823B4C67100A67597 /* LinkedList.m */,
				ECF1174A23B4F0DA00A67597 /* main.m */,
				ECF1174C23B4F5D300A67597 /* LinkedListStack.h */,
				ECF1174D23B4F5D300A67597 /* LinkedListStack.m */,
				ECF1174F23B4F92000A67597 /* LinkedListQueue.h */,
				ECF1175023B4F92000A67597 /* LinkedListQueue.m */,
				ECF1175423B5B67B00A67597 /* Node.h */,
				ECF1175523B5B67B00A67597 /* Node.m */,
			);
			path = "04-Linked-List";
			sourceTree = "<group>";
		};
		ECF1175923B6359C00A67597 /* 05-Recursion */ = {
			isa = PBXGroup;
			children = (
				ECF1175A23B636CD00A67597 /* LinkedListR.h */,
				ECF1175B23B636CD00A67597 /* LinkedListR.m */,
				ECF1175D23B644D300A67597 /* main.m */,
			);
			path = "05-Recursion";
			sourceTree = "<group>";
		};
/* End PBXGroup section */

/* Begin PBXNativeTarget section */
		EC306CE723AFB24D00FDE4EB /* Play-with-Data-Structrues-in-OC */ = {
			isa = PBXNativeTarget;
			buildConfigurationList = EC306CEF23AFB24D00FDE4EB /* Build configuration list for PBXNativeTarget "Play-with-Data-Structrues-in-OC" */;
			buildPhases = (
				EC306CE423AFB24D00FDE4EB /* Sources */,
				EC306CE523AFB24D00FDE4EB /* Frameworks */,
				EC306CE623AFB24D00FDE4EB /* CopyFiles */,
			);
			buildRules = (
			);
			dependencies = (
			);
			name = "Play-with-Data-Structrues-in-OC";
			productName = "Play-with-Data-Structrues-in-OC";
			productReference = EC306CE823AFB24D00FDE4EB /* Play-with-Data-Structrues-in-OC */;
			productType = "com.apple.product-type.tool";
		};
/* End PBXNativeTarget section */

/* Begin PBXProject section */
		EC306CE023AFB24D00FDE4EB /* Project object */ = {
			isa = PBXProject;
			attributes = {
				LastUpgradeCheck = 1100;
				ORGANIZATIONNAME = guoliang;
				TargetAttributes = {
					EC306CE723AFB24D00FDE4EB = {
						CreatedOnToolsVersion = 11.0;
					};
				};
			};
			buildConfigurationList = EC306CE323AFB24D00FDE4EB /* Build configuration list for PBXProject "Play-with-Data-Structrues-in-OC" */;
			compatibilityVersion = "Xcode 9.3";
			developmentRegion = en;
			hasScannedForEncodings = 0;
			knownRegions = (
				en,
				Base,
			);
			mainGroup = EC306CDF23AFB24D00FDE4EB;
			productRefGroup = EC306CE923AFB24D00FDE4EB /* Products */;
			projectDirPath = "";
			projectRoot = "";
			targets = (
				EC306CE723AFB24D00FDE4EB /* Play-with-Data-Structrues-in-OC */,
			);
		};
/* End PBXProject section */

/* Begin PBXSourcesBuildPhase section */
		EC306CE423AFB24D00FDE4EB /* Sources */ = {
			isa = PBXSourcesBuildPhase;
			buildActionMask = 2147483647;
			files = (
				ECA95CA323BA455C0007DBAB /* BSTMap.m in Sources */,
				ECA95CA023BA3F820007DBAB /* ListNodeKV.m in Sources */,
				ECF1175E23B644D300A67597 /* main.m in Sources */,
				ECE499A923BB94D00000027B /* PriorityQueue.m in Sources */,
				ECF1175623B5B67B00A67597 /* Node.m in Sources */,
				ECAD20DE23BCB01500903D3F /* main.m in Sources */,
				ECF1171923B10D2100A67597 /* main.m in Sources */,
				ECF1174E23B4F5D300A67597 /* LinkedListStack.m in Sources */,
				ECE499B623BC7DF80000027B /* SegmentTree2.m in Sources */,
				ECA95CA623BA456C0007DBAB /* TreeNodeKV.m in Sources */,
				ECF1174923B4C67100A67597 /* LinkedList.m in Sources */,
				EC306CF723AFCBFD00FDE4EB /* main.m in Sources */,
				ECF1175C23B636CD00A67597 /* LinkedListR.m in Sources */,
				ECE499AF23BC4BC10000027B /* SegmentTree.m in Sources */,
				ECA95C9623BA382F0007DBAB /* LinkedListSet.m in Sources */,
				ECA95C9923BA39650007DBAB /* main.m in Sources */,
				ECD06F1023B899AA0031D9ED /* TreeNode.m in Sources */,
				ECE499B123BC6F950000027B /* LeetCode0303.m in Sources */,
				ECAD20E023BCC62B00903D3F /* LeetCode0211.m in Sources */,
				ECF1175123B4F92000A67597 /* LinkedListQueue.m in Sources */,
				ECD06F1523B89B150031D9ED /* BST.m in Sources */,
				ECE499AC23BC4B760000027B /* main.m in Sources */,
				ECE499A623BB8DF80000027B /* main.m in Sources */,
				ECAD20DC23BCACF600903D3F /* Trie.m in Sources */,
				ECE499B923BC7E0D0000027B /* SegmentTreeNode.m in Sources */,
				ECA95C9323BA36A80007DBAB /* BSTSet.m in Sources */,
				ECAD20E223BCCD6A00903D3F /* LeetCode0677.m in Sources */,
				ECE499A423BB850D0000027B /* MaxHeap.m in Sources */,
				ECF1171823B10D2100A67597 /* LoopQueue.m in Sources */,
				ECD06F1223B89ADC0031D9ED /* main.m in Sources */,
				EC306CF523AFB34B00FDE4EB /* Array.m in Sources */,
				ECF1171723B10D2100A67597 /* ArrayStack.m in Sources */,
				ECF1174B23B4F0DA00A67597 /* main.m in Sources */,
				ECF1171A23B10D2100A67597 /* ArrayQueue.m in Sources */,
				ECE499B323BC78C70000027B /* LeetCode0307.m in Sources */,
				ECA95C9D23BA3F560007DBAB /* LinkedListMap.m in Sources */,
				ECAD20D923BCABD700903D3F /* TrieNode.m in Sources */,
			);
			runOnlyForDeploymentPostprocessing = 0;
		};
/* End PBXSourcesBuildPhase section */

/* Begin XCBuildConfiguration section */
		EC306CED23AFB24D00FDE4EB /* Debug */ = {
			isa = XCBuildConfiguration;
			buildSettings = {
				ALWAYS_SEARCH_USER_PATHS = NO;
				CLANG_ANALYZER_NONNULL = YES;
				CLANG_ANALYZER_NUMBER_OBJECT_CONVERSION = YES_AGGRESSIVE;
				CLANG_CXX_LANGUAGE_STANDARD = "gnu++14";
				CLANG_CXX_LIBRARY = "libc++";
				CLANG_ENABLE_MODULES = YES;
				CLANG_ENABLE_OBJC_ARC = YES;
				CLANG_ENABLE_OBJC_WEAK = YES;
				CLANG_WARN_BLOCK_CAPTURE_AUTORELEASING = YES;
				CLANG_WARN_BOOL_CONVERSION = YES;
				CLANG_WARN_COMMA = YES;
				CLANG_WARN_CONSTANT_CONVERSION = YES;
				CLANG_WARN_DEPRECATED_OBJC_IMPLEMENTATIONS = YES;
				CLANG_WARN_DIRECT_OBJC_ISA_USAGE = YES_ERROR;
				CLANG_WARN_DOCUMENTATION_COMMENTS = YES;
				CLANG_WARN_EMPTY_BODY = YES;
				CLANG_WARN_ENUM_CONVERSION = YES;
				CLANG_WARN_INFINITE_RECURSION = YES;
				CLANG_WARN_INT_CONVERSION = YES;
				CLANG_WARN_NON_LITERAL_NULL_CONVERSION = YES;
				CLANG_WARN_OBJC_IMPLICIT_RETAIN_SELF = YES;
				CLANG_WARN_OBJC_LITERAL_CONVERSION = YES;
				CLANG_WARN_OBJC_ROOT_CLASS = YES_ERROR;
				CLANG_WARN_RANGE_LOOP_ANALYSIS = YES;
				CLANG_WARN_STRICT_PROTOTYPES = YES;
				CLANG_WARN_SUSPICIOUS_MOVE = YES;
				CLANG_WARN_UNGUARDED_AVAILABILITY = YES_AGGRESSIVE;
				CLANG_WARN_UNREACHABLE_CODE = YES;
				CLANG_WARN__DUPLICATE_METHOD_MATCH = YES;
				COPY_PHASE_STRIP = NO;
				DEBUG_INFORMATION_FORMAT = dwarf;
				ENABLE_STRICT_OBJC_MSGSEND = YES;
				ENABLE_TESTABILITY = YES;
				GCC_C_LANGUAGE_STANDARD = gnu11;
				GCC_DYNAMIC_NO_PIC = NO;
				GCC_NO_COMMON_BLOCKS = YES;
				GCC_OPTIMIZATION_LEVEL = 0;
				GCC_PREPROCESSOR_DEFINITIONS = (
					"DEBUG=1",
					"$(inherited)",
				);
				GCC_WARN_64_TO_32_BIT_CONVERSION = YES;
				GCC_WARN_ABOUT_RETURN_TYPE = YES_ERROR;
				GCC_WARN_UNDECLARED_SELECTOR = YES;
				GCC_WARN_UNINITIALIZED_AUTOS = YES_AGGRESSIVE;
				GCC_WARN_UNUSED_FUNCTION = YES;
				GCC_WARN_UNUSED_VARIABLE = YES;
				MACOSX_DEPLOYMENT_TARGET = 10.14;
				MTL_ENABLE_DEBUG_INFO = INCLUDE_SOURCE;
				MTL_FAST_MATH = YES;
				ONLY_ACTIVE_ARCH = YES;
				SDKROOT = macosx;
			};
			name = Debug;
		};
		EC306CEE23AFB24D00FDE4EB /* Release */ = {
			isa = XCBuildConfiguration;
			buildSettings = {
				ALWAYS_SEARCH_USER_PATHS = NO;
				CLANG_ANALYZER_NONNULL = YES;
				CLANG_ANALYZER_NUMBER_OBJECT_CONVERSION = YES_AGGRESSIVE;
				CLANG_CXX_LANGUAGE_STANDARD = "gnu++14";
				CLANG_CXX_LIBRARY = "libc++";
				CLANG_ENABLE_MODULES = YES;
				CLANG_ENABLE_OBJC_ARC = YES;
				CLANG_ENABLE_OBJC_WEAK = YES;
				CLANG_WARN_BLOCK_CAPTURE_AUTORELEASING = YES;
				CLANG_WARN_BOOL_CONVERSION = YES;
				CLANG_WARN_COMMA = YES;
				CLANG_WARN_CONSTANT_CONVERSION = YES;
				CLANG_WARN_DEPRECATED_OBJC_IMPLEMENTATIONS = YES;
				CLANG_WARN_DIRECT_OBJC_ISA_USAGE = YES_ERROR;
				CLANG_WARN_DOCUMENTATION_COMMENTS = YES;
				CLANG_WARN_EMPTY_BODY = YES;
				CLANG_WARN_ENUM_CONVERSION = YES;
				CLANG_WARN_INFINITE_RECURSION = YES;
				CLANG_WARN_INT_CONVERSION = YES;
				CLANG_WARN_NON_LITERAL_NULL_CONVERSION = YES;
				CLANG_WARN_OBJC_IMPLICIT_RETAIN_SELF = YES;
				CLANG_WARN_OBJC_LITERAL_CONVERSION = YES;
				CLANG_WARN_OBJC_ROOT_CLASS = YES_ERROR;
				CLANG_WARN_RANGE_LOOP_ANALYSIS = YES;
				CLANG_WARN_STRICT_PROTOTYPES = YES;
				CLANG_WARN_SUSPICIOUS_MOVE = YES;
				CLANG_WARN_UNGUARDED_AVAILABILITY = YES_AGGRESSIVE;
				CLANG_WARN_UNREACHABLE_CODE = YES;
				CLANG_WARN__DUPLICATE_METHOD_MATCH = YES;
				COPY_PHASE_STRIP = NO;
				DEBUG_INFORMATION_FORMAT = "dwarf-with-dsym";
				ENABLE_NS_ASSERTIONS = NO;
				ENABLE_STRICT_OBJC_MSGSEND = YES;
				GCC_C_LANGUAGE_STANDARD = gnu11;
				GCC_NO_COMMON_BLOCKS = YES;
				GCC_WARN_64_TO_32_BIT_CONVERSION = YES;
				GCC_WARN_ABOUT_RETURN_TYPE = YES_ERROR;
				GCC_WARN_UNDECLARED_SELECTOR = YES;
				GCC_WARN_UNINITIALIZED_AUTOS = YES_AGGRESSIVE;
				GCC_WARN_UNUSED_FUNCTION = YES;
				GCC_WARN_UNUSED_VARIABLE = YES;
				MACOSX_DEPLOYMENT_TARGET = 10.14;
				MTL_ENABLE_DEBUG_INFO = NO;
				MTL_FAST_MATH = YES;
				SDKROOT = macosx;
			};
			name = Release;
		};
		EC306CF023AFB24D00FDE4EB /* Debug */ = {
			isa = XCBuildConfiguration;
			buildSettings = {
				CODE_SIGN_STYLE = Automatic;
				PRODUCT_NAME = "$(TARGET_NAME)";
			};
			name = Debug;
		};
		EC306CF123AFB24D00FDE4EB /* Release */ = {
			isa = XCBuildConfiguration;
			buildSettings = {
				CODE_SIGN_STYLE = Automatic;
				PRODUCT_NAME = "$(TARGET_NAME)";
			};
			name = Release;
		};
/* End XCBuildConfiguration section */

/* Begin XCConfigurationList section */
		EC306CE323AFB24D00FDE4EB /* Build configuration list for PBXProject "Play-with-Data-Structrues-in-OC" */ = {
			isa = XCConfigurationList;
			buildConfigurations = (
				EC306CED23AFB24D00FDE4EB /* Debug */,
				EC306CEE23AFB24D00FDE4EB /* Release */,
			);
			defaultConfigurationIsVisible = 0;
			defaultConfigurationName = Release;
		};
		EC306CEF23AFB24D00FDE4EB /* Build configuration list for PBXNativeTarget "Play-with-Data-Structrues-in-OC" */ = {
			isa = XCConfigurationList;
			buildConfigurations = (
				EC306CF023AFB24D00FDE4EB /* Debug */,
				EC306CF123AFB24D00FDE4EB /* Release */,
			);
			defaultConfigurationIsVisible = 0;
			defaultConfigurationName = Release;
		};
/* End XCConfigurationList section */
	};
	rootObject = EC306CE023AFB24D00FDE4EB /* Project object */;
}
